
Microsoft Visual Studio Solution File, Format Version 12.00
Project("{2150E333-8FDC-42A3-9474-1A3956D46DE8}") = "src", "src", "{6E267614-EFB6-4B00-BA01-493D0AFB272F}"
EndProject
Project("{2150E333-8FDC-42A3-9474-1A3956D46DE8}") = "tests", "tests", "{C00F75AD-D602-4FE6-A14F-4A3FCB24ABAE}"
EndProject
Project("{2150E333-8FDC-42A3-9474-1A3956D46DE8}") = "Gateways", "Gateways", "{2E1FA10A-D1AA-4380-AE23-F65E8BBBB2DC}"
EndProject
Project("{2150E333-8FDC-42A3-9474-1A3956D46DE8}") = "Services", "Services", "{62D2D557-219E-4C7F-B33E-32D5CD49A57B}"
EndProject
Project("{2150E333-8FDC-42A3-9474-1A3956D46DE8}") = "Shared", "Shared", "{D992C7E4-3BFA-4127-9A57-66B010AB758A}"
EndProject
Project("{FAE04EC0-301F-11D3-BF4B-00C04F79EFBC}") = "SynopsisSI.Gateway", "SynopsisSI.Gateway\SynopsisSI.Gateway.csproj", "{EC06558B-560B-4871-B2BF-55CF66A4044E}"
EndProject
Project("{FAE04EC0-301F-11D3-BF4B-00C04F79EFBC}") = "SynopsisSI.Shared.Domain", "SynopsisSI.Shared.Domain\SynopsisSI.Shared.Domain.csproj", "{0541655F-49B5-4902-928B-3BC5FF53BCF4}"
EndProject
Project("{FAE04EC0-301F-11D3-BF4B-00C04F79EFBC}") = "SynopsisSI.Shared.Events", "SynopsisSI.Shared.Events\SynopsisSI.Shared.Events.csproj", "{310CC96A-FA8D-4056-866F-8490C47DB5AD}"
EndProject
Project("{FAE04EC0-301F-11D3-BF4B-00C04F79EFBC}") = "SynopsisSI.Shared.Infrastructure", "SynopsisSI.Shared.Infrastructure\SynopsisSI.Shared.Infrastructure.csproj", "{C39B2426-FE5E-4077-8169-3BEE45C0C558}"
EndProject
Project("{2150E333-8FDC-42A3-9474-1A3956D46DE8}") = "ListingService", "ListingService", "{F64CA0EA-AEC2-48BE-920A-5D626C4E87F9}"
EndProject
Project("{FAE04EC0-301F-11D3-BF4B-00C04F79EFBC}") = "ListingService.Domain", "ListingService.Domain\ListingService.Domain.csproj", "{64339559-2B44-4A42-A1B6-0C6696A27C24}"
EndProject
Project("{FAE04EC0-301F-11D3-BF4B-00C04F79EFBC}") = "ListingService.Application", "ListingService.Application\ListingService.Application.csproj", "{E4E4B5A6-A5EF-4D91-8306-7828D0B8F4AD}"
EndProject
Project("{FAE04EC0-301F-11D3-BF4B-00C04F79EFBC}") = "ListingService.Infrastructure", "ListingService.Infrastructure\ListingService.Infrastructure.csproj", "{46572127-E287-4F83-BBD1-0C22FE036074}"
EndProject
Project("{FAE04EC0-301F-11D3-BF4B-00C04F79EFBC}") = "ListingService.API", "ListingService.API\ListingService.API.csproj", "{FFC444A0-DBE4-4E1D-A1D1-0B56A4079569}"
EndProject
Global
	GlobalSection(SolutionConfigurationPlatforms) = preSolution
		Debug|Any CPU = Debug|Any CPU
		Release|Any CPU = Release|Any CPU
	EndGlobalSection
	GlobalSection(NestedProjects) = preSolution
		{2E1FA10A-D1AA-4380-AE23-F65E8BBBB2DC} = {6E267614-EFB6-4B00-BA01-493D0AFB272F}
		{62D2D557-219E-4C7F-B33E-32D5CD49A57B} = {6E267614-EFB6-4B00-BA01-493D0AFB272F}
		{D992C7E4-3BFA-4127-9A57-66B010AB758A} = {6E267614-EFB6-4B00-BA01-493D0AFB272F}
		{EC06558B-560B-4871-B2BF-55CF66A4044E} = {2E1FA10A-D1AA-4380-AE23-F65E8BBBB2DC}
		{0541655F-49B5-4902-928B-3BC5FF53BCF4} = {D992C7E4-3BFA-4127-9A57-66B010AB758A}
		{310CC96A-FA8D-4056-866F-8490C47DB5AD} = {D992C7E4-3BFA-4127-9A57-66B010AB758A}
		{C39B2426-FE5E-4077-8169-3BEE45C0C558} = {D992C7E4-3BFA-4127-9A57-66B010AB758A}
		{F64CA0EA-AEC2-48BE-920A-5D626C4E87F9} = {62D2D557-219E-4C7F-B33E-32D5CD49A57B}
		{64339559-2B44-4A42-A1B6-0C6696A27C24} = {F64CA0EA-AEC2-48BE-920A-5D626C4E87F9}
		{E4E4B5A6-A5EF-4D91-8306-7828D0B8F4AD} = {F64CA0EA-AEC2-48BE-920A-5D626C4E87F9}
		{46572127-E287-4F83-BBD1-0C22FE036074} = {F64CA0EA-AEC2-48BE-920A-5D626C4E87F9}
		{FFC444A0-DBE4-4E1D-A1D1-0B56A4079569} = {F64CA0EA-AEC2-48BE-920A-5D626C4E87F9}
	EndGlobalSection
	GlobalSection(ProjectConfigurationPlatforms) = postSolution
		{EC06558B-560B-4871-B2BF-55CF66A4044E}.Debug|Any CPU.ActiveCfg = Debug|Any CPU
		{EC06558B-560B-4871-B2BF-55CF66A4044E}.Debug|Any CPU.Build.0 = Debug|Any CPU
		{EC06558B-560B-4871-B2BF-55CF66A4044E}.Release|Any CPU.ActiveCfg = Release|Any CPU
		{EC06558B-560B-4871-B2BF-55CF66A4044E}.Release|Any CPU.Build.0 = Release|Any CPU
		{0541655F-49B5-4902-928B-3BC5FF53BCF4}.Debug|Any CPU.ActiveCfg = Debug|Any CPU
		{0541655F-49B5-4902-928B-3BC5FF53BCF4}.Debug|Any CPU.Build.0 = Debug|Any CPU
		{0541655F-49B5-4902-928B-3BC5FF53BCF4}.Release|Any CPU.ActiveCfg = Release|Any CPU
		{0541655F-49B5-4902-928B-3BC5FF53BCF4}.Release|Any CPU.Build.0 = Release|Any CPU
		{310CC96A-FA8D-4056-866F-8490C47DB5AD}.Debug|Any CPU.ActiveCfg = Debug|Any CPU
		{310CC96A-FA8D-4056-866F-8490C47DB5AD}.Debug|Any CPU.Build.0 = Debug|Any CPU
		{310CC96A-FA8D-4056-866F-8490C47DB5AD}.Release|Any CPU.ActiveCfg = Release|Any CPU
		{310CC96A-FA8D-4056-866F-8490C47DB5AD}.Release|Any CPU.Build.0 = Release|Any CPU
		{C39B2426-FE5E-4077-8169-3BEE45C0C558}.Debug|Any CPU.ActiveCfg = Debug|Any CPU
		{C39B2426-FE5E-4077-8169-3BEE45C0C558}.Debug|Any CPU.Build.0 = Debug|Any CPU
		{C39B2426-FE5E-4077-8169-3BEE45C0C558}.Release|Any CPU.ActiveCfg = Release|Any CPU
		{C39B2426-FE5E-4077-8169-3BEE45C0C558}.Release|Any CPU.Build.0 = Release|Any CPU
		{64339559-2B44-4A42-A1B6-0C6696A27C24}.Debug|Any CPU.ActiveCfg = Debug|Any CPU
		{64339559-2B44-4A42-A1B6-0C6696A27C24}.Debug|Any CPU.Build.0 = Debug|Any CPU
		{64339559-2B44-4A42-A1B6-0C6696A27C24}.Release|Any CPU.ActiveCfg = Release|Any CPU
		{64339559-2B44-4A42-A1B6-0C6696A27C24}.Release|Any CPU.Build.0 = Release|Any CPU
		{E4E4B5A6-A5EF-4D91-8306-7828D0B8F4AD}.Debug|Any CPU.ActiveCfg = Debug|Any CPU
		{E4E4B5A6-A5EF-4D91-8306-7828D0B8F4AD}.Debug|Any CPU.Build.0 = Debug|Any CPU
		{E4E4B5A6-A5EF-4D91-8306-7828D0B8F4AD}.Release|Any CPU.ActiveCfg = Release|Any CPU
		{E4E4B5A6-A5EF-4D91-8306-7828D0B8F4AD}.Release|Any CPU.Build.0 = Release|Any CPU
		{46572127-E287-4F83-BBD1-0C22FE036074}.Debug|Any CPU.ActiveCfg = Debug|Any CPU
		{46572127-E287-4F83-BBD1-0C22FE036074}.Debug|Any CPU.Build.0 = Debug|Any CPU
		{46572127-E287-4F83-BBD1-0C22FE036074}.Release|Any CPU.ActiveCfg = Release|Any CPU
		{46572127-E287-4F83-BBD1-0C22FE036074}.Release|Any CPU.Build.0 = Release|Any CPU
		{FFC444A0-DBE4-4E1D-A1D1-0B56A4079569}.Debug|Any CPU.ActiveCfg = Debug|Any CPU
		{FFC444A0-DBE4-4E1D-A1D1-0B56A4079569}.Debug|Any CPU.Build.0 = Debug|Any CPU
		{FFC444A0-DBE4-4E1D-A1D1-0B56A4079569}.Release|Any CPU.ActiveCfg = Release|Any CPU
		{FFC444A0-DBE4-4E1D-A1D1-0B56A4079569}.Release|Any CPU.Build.0 = Release|Any CPU
	EndGlobalSection
EndGlobal
