
Microsoft Visual Studio Solution File, Format Version 12.00
Project("{2150E333-8FDC-42A3-9474-1A3956D46DE8}") = "src", "src", "{6E267614-EFB6-4B00-BA01-493D0AFB272F}"
EndProject
Project("{2150E333-8FDC-42A3-9474-1A3956D46DE8}") = "tests", "tests", "{C00F75AD-D602-4FE6-A14F-4A3FCB24ABAE}"
EndProject
Project("{2150E333-8FDC-42A3-9474-1A3956D46DE8}") = "Gateways", "Gateways", "{2E1FA10A-D1AA-4380-AE23-F65E8BBBB2DC}"
EndProject
Project("{2150E333-8FDC-42A3-9474-1A3956D46DE8}") = "Services", "Services", "{62D2D557-219E-4C7F-B33E-32D5CD49A57B}"
EndProject
Project("{2150E333-8FDC-42A3-9474-1A3956D46DE8}") = "Shared", "Shared", "{D992C7E4-3BFA-4127-9A57-66B010AB758A}"
EndProject
Project("{FAE04EC0-301F-11D3-BF4B-00C04F79EFBC}") = "SynopsisSI.Gateway", "src\Gateways\SynopsisSI.Gateway\SynopsisSI.Gateway.csproj", "{4BF7A74A-E900-4C6A-9ED3-A21D1F8F2E1D}"
EndProject
Project("{FAE04EC0-301F-11D3-BF4B-00C04F79EFBC}") = "SynopsisSI.Shared.Domain", "src\Shared\SynopsisSI.Shared.Domain\SynopsisSI.Shared.Domain.csproj", "{7FD5B4BF-B9E0-46A2-B2B2-8BCC5D67A0AD}"
EndProject
Project("{FAE04EC0-301F-11D3-BF4B-00C04F79EFBC}") = "SynopsisSI.Shared.Events", "src\Shared\SynopsisSI.Shared.Events\SynopsisSI.Shared.Events.csproj", "{C416E46F-20FA-4A0E-9FE4-3C55C1B070B7}"
EndProject
Project("{FAE04EC0-301F-11D3-BF4B-00C04F79EFBC}") = "SynopsisSI.Shared.Infrastructure", "src\Shared\SynopsisSI.Shared.Infrastructure\SynopsisSI.Shared.Infrastructure.csproj", "{E85A5432-8FF3-4FEF-A957-3E2CFD8A85B0}"
EndProject
Project("{FAE04EC0-301F-11D3-BF4B-00C04F79EFBC}") = "ListingService.API", "src\Services\ListingService\ListingService.API\ListingService.API.csproj", "{9D9E474A-8CA7-47FA-A331-0C2EC78A7F65}"
EndProject
Project("{FAE04EC0-301F-11D3-BF4B-00C04F79EFBC}") = "ListingService.Application", "src\Services\ListingService\ListingService.Application\ListingService.Application.csproj", "{43505FC4-B874-47DD-9728-8CFB0E348BD0}"
EndProject
Project("{FAE04EC0-301F-11D3-BF4B-00C04F79EFBC}") = "ListingService.Domain", "src\Services\ListingService\ListingService.Domain\ListingService.Domain.csproj", "{A451B47F-CAB9-44B6-AF5F-1B190AB03A6A}"
EndProject
Project("{FAE04EC0-301F-11D3-BF4B-00C04F79EFBC}") = "ListingService.Infrastructure", "src\Services\ListingService\ListingService.Infrastructure\ListingService.Infrastructure.csproj", "{78A5C4AE-1795-4798-A8CE-2B95FFEBE57A}"
EndProject
Global
	GlobalSection(SolutionConfigurationPlatforms) = preSolution
		Debug|Any CPU = Debug|Any CPU
		Release|Any CPU = Release|Any CPU
	EndGlobalSection
	GlobalSection(NestedProjects) = preSolution
		{2E1FA10A-D1AA-4380-AE23-F65E8BBBB2DC} = {6E267614-EFB6-4B00-BA01-493D0AFB272F}
		{62D2D557-219E-4C7F-B33E-32D5CD49A57B} = {6E267614-EFB6-4B00-BA01-493D0AFB272F}
		{D992C7E4-3BFA-4127-9A57-66B010AB758A} = {6E267614-EFB6-4B00-BA01-493D0AFB272F}
		{4BF7A74A-E900-4C6A-9ED3-A21D1F8F2E1D} = {2E1FA10A-D1AA-4380-AE23-F65E8BBBB2DC}
		{7FD5B4BF-B9E0-46A2-B2B2-8BCC5D67A0AD} = {D992C7E4-3BFA-4127-9A57-66B010AB758A}
		{C416E46F-20FA-4A0E-9FE4-3C55C1B070B7} = {D992C7E4-3BFA-4127-9A57-66B010AB758A}
		{E85A5432-8FF3-4FEF-A957-3E2CFD8A85B0} = {D992C7E4-3BFA-4127-9A57-66B010AB758A}
		{9D9E474A-8CA7-47FA-A331-0C2EC78A7F65} = {62D2D557-219E-4C7F-B33E-32D5CD49A57B}
		{43505FC4-B874-47DD-9728-8CFB0E348BD0} = {62D2D557-219E-4C7F-B33E-32D5CD49A57B}
		{A451B47F-CAB9-44B6-AF5F-1B190AB03A6A} = {62D2D557-219E-4C7F-B33E-32D5CD49A57B}
		{78A5C4AE-1795-4798-A8CE-2B95FFEBE57A} = {62D2D557-219E-4C7F-B33E-32D5CD49A57B}
	EndGlobalSection
	GlobalSection(ProjectConfigurationPlatforms) = postSolution
		{4BF7A74A-E900-4C6A-9ED3-A21D1F8F2E1D}.Debug|Any CPU.ActiveCfg = Debug|Any CPU
		{4BF7A74A-E900-4C6A-9ED3-A21D1F8F2E1D}.Debug|Any CPU.Build.0 = Debug|Any CPU
		{4BF7A74A-E900-4C6A-9ED3-A21D1F8F2E1D}.Release|Any CPU.ActiveCfg = Release|Any CPU
		{4BF7A74A-E900-4C6A-9ED3-A21D1F8F2E1D}.Release|Any CPU.Build.0 = Release|Any CPU
		{7FD5B4BF-B9E0-46A2-B2B2-8BCC5D67A0AD}.Debug|Any CPU.ActiveCfg = Debug|Any CPU
		{7FD5B4BF-B9E0-46A2-B2B2-8BCC5D67A0AD}.Debug|Any CPU.Build.0 = Debug|Any CPU
		{7FD5B4BF-B9E0-46A2-B2B2-8BCC5D67A0AD}.Release|Any CPU.ActiveCfg = Release|Any CPU
		{7FD5B4BF-B9E0-46A2-B2B2-8BCC5D67A0AD}.Release|Any CPU.Build.0 = Release|Any CPU
		{C416E46F-20FA-4A0E-9FE4-3C55C1B070B7}.Debug|Any CPU.ActiveCfg = Debug|Any CPU
		{C416E46F-20FA-4A0E-9FE4-3C55C1B070B7}.Debug|Any CPU.Build.0 = Debug|Any CPU
		{C416E46F-20FA-4A0E-9FE4-3C55C1B070B7}.Release|Any CPU.ActiveCfg = Release|Any CPU
		{C416E46F-20FA-4A0E-9FE4-3C55C1B070B7}.Release|Any CPU.Build.0 = Release|Any CPU
		{E85A5432-8FF3-4FEF-A957-3E2CFD8A85B0}.Debug|Any CPU.ActiveCfg = Debug|Any CPU
		{E85A5432-8FF3-4FEF-A957-3E2CFD8A85B0}.Debug|Any CPU.Build.0 = Debug|Any CPU
		{E85A5432-8FF3-4FEF-A957-3E2CFD8A85B0}.Release|Any CPU.ActiveCfg = Release|Any CPU
		{E85A5432-8FF3-4FEF-A957-3E2CFD8A85B0}.Release|Any CPU.Build.0 = Release|Any CPU
		{9D9E474A-8CA7-47FA-A331-0C2EC78A7F65}.Debug|Any CPU.ActiveCfg = Debug|Any CPU
		{9D9E474A-8CA7-47FA-A331-0C2EC78A7F65}.Debug|Any CPU.Build.0 = Debug|Any CPU
		{9D9E474A-8CA7-47FA-A331-0C2EC78A7F65}.Release|Any CPU.ActiveCfg = Release|Any CPU
		{9D9E474A-8CA7-47FA-A331-0C2EC78A7F65}.Release|Any CPU.Build.0 = Release|Any CPU
		{43505FC4-B874-47DD-9728-8CFB0E348BD0}.Debug|Any CPU.ActiveCfg = Debug|Any CPU
		{43505FC4-B874-47DD-9728-8CFB0E348BD0}.Debug|Any CPU.Build.0 = Debug|Any CPU
		{43505FC4-B874-47DD-9728-8CFB0E348BD0}.Release|Any CPU.ActiveCfg = Release|Any CPU
		{43505FC4-B874-47DD-9728-8CFB0E348BD0}.Release|Any CPU.Build.0 = Release|Any CPU
		{A451B47F-CAB9-44B6-AF5F-1B190AB03A6A}.Debug|Any CPU.ActiveCfg = Debug|Any CPU
		{A451B47F-CAB9-44B6-AF5F-1B190AB03A6A}.Debug|Any CPU.Build.0 = Debug|Any CPU
		{A451B47F-CAB9-44B6-AF5F-1B190AB03A6A}.Release|Any CPU.ActiveCfg = Release|Any CPU
		{A451B47F-CAB9-44B6-AF5F-1B190AB03A6A}.Release|Any CPU.Build.0 = Release|Any CPU
		{78A5C4AE-1795-4798-A8CE-2B95FFEBE57A}.Debug|Any CPU.ActiveCfg = Debug|Any CPU
		{78A5C4AE-1795-4798-A8CE-2B95FFEBE57A}.Debug|Any CPU.Build.0 = Debug|Any CPU
		{78A5C4AE-1795-4798-A8CE-2B95FFEBE57A}.Release|Any CPU.ActiveCfg = Release|Any CPU
		{78A5C4AE-1795-4798-A8CE-2B95FFEBE57A}.Release|Any CPU.Build.0 = Release|Any CPU
	EndGlobalSection
EndGlobal
